dependencies:
- name: extractor
  repository: file://../extractor
  version: 0.1.3
- name: gateway
  repository: file://../gateway
  version: 0.1.3
- name: indexer
  repository: file://../indexer
  version: 0.1.4
- name: tracker
  repository: file://../tracker
  version: 0.1.4
digest: sha256:82bd478b9b7bf55826eaa8aeb7108bd4d038cc059002c41e1b7d495e8633193d
generated: "2020-04-27T15:41:02.375788-05:00"
