dependencies:
- name: extractor
  repository: file://../extractor
  version: 0.1.7
- name: gateway
  repository: file://../gateway
  version: 0.1.6
- name: indexer
  repository: file://../indexer
  version: 0.1.7
- name: tracker
  repository: file://../tracker
  version: 0.1.8
digest: sha256:993fc2b914c866ba483a9e9086b50431700261c6f5fd1ed40714200e5ea36731
generated: "2020-06-06T11:39:14.440625-05:00"
