dependencies:
- name: extractor
  repository: file://../extractor
  version: 0.1.4
- name: gateway
  repository: file://../gateway
  version: 0.1.4
- name: indexer
  repository: file://../indexer
  version: 0.1.5
- name: tracker
  repository: file://../tracker
  version: 0.1.5
digest: sha256:4ad1dd22c743db339980bd69f076ed907b95df269dc4b768f7be7cd399e407f3
generated: "2020-04-27T19:52:19.311414-05:00"
